
Microsoft Visual Studio Solution File, Format Version 12.00
# Visual Studio Version 16
VisualStudioVersion = 16.0.32510.428
MinimumVisualStudioVersion = 10.0.40219.1
Project("{FAE04EC0-301F-11D3-BF4B-00C04F79EFBC}") = "bytebank", "bytebank\bytebank.csproj", "{4D3A616C-C567-4B62-81E0-5279D8FC4161}"
EndProject
Global
	GlobalSection(SolutionConfigurationPlatforms) = preSolution
		Debug|Any CPU = Debug|Any CPU
		Release|Any CPU = Release|Any CPU
	EndGlobalSection
	GlobalSection(ProjectConfigurationPlatforms) = postSolution
		{4D3A616C-C567-4B62-81E0-5279D8FC4161}.Debug|Any CPU.ActiveCfg = Debug|Any CPU
		{4D3A616C-C567-4B62-81E0-5279D8FC4161}.Debug|Any CPU.Build.0 = Debug|Any CPU
		{4D3A616C-C567-4B62-81E0-5279D8FC4161}.Release|Any CPU.ActiveCfg = Release|Any CPU
		{4D3A616C-C567-4B62-81E0-5279D8FC4161}.Release|Any CPU.Build.0 = Release|Any CPU
	EndGlobalSection
	GlobalSection(SolutionProperties) = preSolution
		HideSolutionNode = FALSE
	EndGlobalSection
	GlobalSection(ExtensibilityGlobals) = postSolution
		SolutionGuid = {06743C3F-27EE-4364-A156-2E4D266FB2E1}
	EndGlobalSection
EndGlobal
